
Microsoft Visual Studio Solution File, Format Version 12.00
# Visual Studio Version 17
VisualStudioVersion = 17.1.32414.318
MinimumVisualStudioVersion = 10.0.40219.1
Project("{FAE04EC0-301F-11D3-BF4B-00C04F79EFBC}") = "DietApp", "DietApp\DietApp.csproj", "{57C37B0F-0CDA-4835-8504-6BFF01ECB040}"
EndProject
Global
	GlobalSection(SolutionConfigurationPlatforms) = preSolution
		Debug|Any CPU = Debug|Any CPU
		Release|Any CPU = Release|Any CPU
	EndGlobalSection
	GlobalSection(ProjectConfigurationPlatforms) = postSolution
		{57C37B0F-0CDA-4835-8504-6BFF01ECB040}.Debug|Any CPU.ActiveCfg = Debug|Any CPU
		{57C37B0F-0CDA-4835-8504-6BFF01ECB040}.Debug|Any CPU.Build.0 = Debug|Any CPU
		{57C37B0F-0CDA-4835-8504-6BFF01ECB040}.Release|Any CPU.ActiveCfg = Release|Any CPU
		{57C37B0F-0CDA-4835-8504-6BFF01ECB040}.Release|Any CPU.Build.0 = Release|Any CPU
	EndGlobalSection
	GlobalSection(SolutionProperties) = preSolution
		HideSolutionNode = FALSE
	EndGlobalSection
	GlobalSection(ExtensibilityGlobals) = postSolution
		SolutionGuid = {4584DFC7-8213-4217-9FCF-69ED1D539843}
	EndGlobalSection
EndGlobal
